
Microsoft Visual Studio Solution File, Format Version 12.00
# Visual Studio 15
VisualStudioVersion = 15.0.26403.3
MinimumVisualStudioVersion = 10.0.40219.1
Project("{FAE04EC0-301F-11D3-BF4B-00C04F79EFBC}") = "Interfaces", "Interfaces\Interfaces.csproj", "{518A820C-BD8E-4632-8FAA-3A5ADF80E346}"
EndProject
Project("{FAE04EC0-301F-11D3-BF4B-00C04F79EFBC}") = "spacy", "spacy\spacy.csproj", "{6E8E7396-3AA6-40F9-857F-B3342778F9FF}"
EndProject
Project("{FAE04EC0-301F-11D3-BF4B-00C04F79EFBC}") = "SpaceyOS", "SpaceyOS\SpaceyOS.csproj", "{4372B559-DCFA-4CCA-A967-E134D2DA0F43}"
EndProject
Global
	GlobalSection(SolutionConfigurationPlatforms) = preSolution
		Debug|Any CPU = Debug|Any CPU
		Release|Any CPU = Release|Any CPU
	EndGlobalSection
	GlobalSection(ProjectConfigurationPlatforms) = postSolution
		{518A820C-BD8E-4632-8FAA-3A5ADF80E346}.Debug|Any CPU.ActiveCfg = Debug|Any CPU
		{518A820C-BD8E-4632-8FAA-3A5ADF80E346}.Debug|Any CPU.Build.0 = Debug|Any CPU
		{518A820C-BD8E-4632-8FAA-3A5ADF80E346}.Release|Any CPU.ActiveCfg = Release|Any CPU
		{518A820C-BD8E-4632-8FAA-3A5ADF80E346}.Release|Any CPU.Build.0 = Release|Any CPU
		{6E8E7396-3AA6-40F9-857F-B3342778F9FF}.Debug|Any CPU.ActiveCfg = Debug|Any CPU
		{6E8E7396-3AA6-40F9-857F-B3342778F9FF}.Debug|Any CPU.Build.0 = Debug|Any CPU
		{6E8E7396-3AA6-40F9-857F-B3342778F9FF}.Release|Any CPU.ActiveCfg = Release|Any CPU
		{6E8E7396-3AA6-40F9-857F-B3342778F9FF}.Release|Any CPU.Build.0 = Release|Any CPU
		{4372B559-DCFA-4CCA-A967-E134D2DA0F43}.Debug|Any CPU.ActiveCfg = Debug|Any CPU
		{4372B559-DCFA-4CCA-A967-E134D2DA0F43}.Debug|Any CPU.Build.0 = Debug|Any CPU
		{4372B559-DCFA-4CCA-A967-E134D2DA0F43}.Release|Any CPU.ActiveCfg = Release|Any CPU
		{4372B559-DCFA-4CCA-A967-E134D2DA0F43}.Release|Any CPU.Build.0 = Release|Any CPU
	EndGlobalSection
	GlobalSection(SolutionProperties) = preSolution
		HideSolutionNode = FALSE
	EndGlobalSection
EndGlobal
